
Microsoft Visual Studio Solution File, Format Version 12.00
# Visual Studio 15
VisualStudioVersion = 15.0.26124.0
MinimumVisualStudioVersion = 15.0.26124.0
Project("{2150E333-8FDC-42A3-9474-1A3956D46DE8}") = "src", "src", "{89E5F0AC-683B-4982-9591-C2D34BC841C3}"
EndProject
Project("{FAE04EC0-301F-11D3-BF4B-00C04F79EFBC}") = "TicTacToe", "src\TicTacToe\TicTacToe.csproj", "{76E05CC4-4C02-45B7-90FF-8EFFD4DB97DC}"
EndProject
Project("{FAE04EC0-301F-11D3-BF4B-00C04F79EFBC}") = "TicTacToeServer", "src\TicTacToeServer\TicTacToeServer.csproj", "{EBFE4856-0BA5-407D-BA7E-20F1E02D7286}"
EndProject
Project("{2150E333-8FDC-42A3-9474-1A3956D46DE8}") = "tests", "tests", "{297CAE5F-1860-49CA-A9D7-783164065D69}"
EndProject
Project("{FAE04EC0-301F-11D3-BF4B-00C04F79EFBC}") = "TicTacToe.Tests", "tests\TicTacToe.Tests\TicTacToe.Tests.csproj", "{987A7B05-B977-4A71-8A64-F2E08A9DC51E}"
EndProject
Project("{FAE04EC0-301F-11D3-BF4B-00C04F79EFBC}") = "TicTacToeServer.Tests", "tests\TicTacToeServer.Tests\TicTacToeServer.Tests.csproj", "{55718FD6-A644-433B-9F8F-AB49694471B7}"
EndProject
Global
	GlobalSection(SolutionProperties) = preSolution
		HideSolutionNode = FALSE
	EndGlobalSection
	GlobalSection(SolutionConfigurationPlatforms) = preSolution
		Debug|Any CPU = Debug|Any CPU
		Debug|x64 = Debug|x64
		Debug|x86 = Debug|x86
		Release|Any CPU = Release|Any CPU
		Release|x64 = Release|x64
		Release|x86 = Release|x86
	EndGlobalSection
	GlobalSection(ProjectConfigurationPlatforms) = postSolution
		{76E05CC4-4C02-45B7-90FF-8EFFD4DB97DC}.Debug|Any CPU.ActiveCfg = Debug|Any CPU
		{76E05CC4-4C02-45B7-90FF-8EFFD4DB97DC}.Debug|Any CPU.Build.0 = Debug|Any CPU
		{76E05CC4-4C02-45B7-90FF-8EFFD4DB97DC}.Debug|x64.ActiveCfg = Debug|Any CPU
		{76E05CC4-4C02-45B7-90FF-8EFFD4DB97DC}.Debug|x64.Build.0 = Debug|Any CPU
		{76E05CC4-4C02-45B7-90FF-8EFFD4DB97DC}.Debug|x86.ActiveCfg = Debug|Any CPU
		{76E05CC4-4C02-45B7-90FF-8EFFD4DB97DC}.Debug|x86.Build.0 = Debug|Any CPU
		{76E05CC4-4C02-45B7-90FF-8EFFD4DB97DC}.Release|Any CPU.ActiveCfg = Release|Any CPU
		{76E05CC4-4C02-45B7-90FF-8EFFD4DB97DC}.Release|Any CPU.Build.0 = Release|Any CPU
		{76E05CC4-4C02-45B7-90FF-8EFFD4DB97DC}.Release|x64.ActiveCfg = Release|Any CPU
		{76E05CC4-4C02-45B7-90FF-8EFFD4DB97DC}.Release|x64.Build.0 = Release|Any CPU
		{76E05CC4-4C02-45B7-90FF-8EFFD4DB97DC}.Release|x86.ActiveCfg = Release|Any CPU
		{76E05CC4-4C02-45B7-90FF-8EFFD4DB97DC}.Release|x86.Build.0 = Release|Any CPU
		{EBFE4856-0BA5-407D-BA7E-20F1E02D7286}.Debug|Any CPU.ActiveCfg = Debug|Any CPU
		{EBFE4856-0BA5-407D-BA7E-20F1E02D7286}.Debug|Any CPU.Build.0 = Debug|Any CPU
		{EBFE4856-0BA5-407D-BA7E-20F1E02D7286}.Debug|x64.ActiveCfg = Debug|Any CPU
		{EBFE4856-0BA5-407D-BA7E-20F1E02D7286}.Debug|x64.Build.0 = Debug|Any CPU
		{EBFE4856-0BA5-407D-BA7E-20F1E02D7286}.Debug|x86.ActiveCfg = Debug|Any CPU
		{EBFE4856-0BA5-407D-BA7E-20F1E02D7286}.Debug|x86.Build.0 = Debug|Any CPU
		{EBFE4856-0BA5-407D-BA7E-20F1E02D7286}.Release|Any CPU.ActiveCfg = Release|Any CPU
		{EBFE4856-0BA5-407D-BA7E-20F1E02D7286}.Release|Any CPU.Build.0 = Release|Any CPU
		{EBFE4856-0BA5-407D-BA7E-20F1E02D7286}.Release|x64.ActiveCfg = Release|Any CPU
		{EBFE4856-0BA5-407D-BA7E-20F1E02D7286}.Release|x64.Build.0 = Release|Any CPU
		{EBFE4856-0BA5-407D-BA7E-20F1E02D7286}.Release|x86.ActiveCfg = Release|Any CPU
		{EBFE4856-0BA5-407D-BA7E-20F1E02D7286}.Release|x86.Build.0 = Release|Any CPU
		{987A7B05-B977-4A71-8A64-F2E08A9DC51E}.Debug|Any CPU.ActiveCfg = Debug|Any CPU
		{987A7B05-B977-4A71-8A64-F2E08A9DC51E}.Debug|Any CPU.Build.0 = Debug|Any CPU
		{987A7B05-B977-4A71-8A64-F2E08A9DC51E}.Debug|x64.ActiveCfg = Debug|Any CPU
		{987A7B05-B977-4A71-8A64-F2E08A9DC51E}.Debug|x64.Build.0 = Debug|Any CPU
		{987A7B05-B977-4A71-8A64-F2E08A9DC51E}.Debug|x86.ActiveCfg = Debug|Any CPU
		{987A7B05-B977-4A71-8A64-F2E08A9DC51E}.Debug|x86.Build.0 = Debug|Any CPU
		{987A7B05-B977-4A71-8A64-F2E08A9DC51E}.Release|Any CPU.ActiveCfg = Release|Any CPU
		{987A7B05-B977-4A71-8A64-F2E08A9DC51E}.Release|Any CPU.Build.0 = Release|Any CPU
		{987A7B05-B977-4A71-8A64-F2E08A9DC51E}.Release|x64.ActiveCfg = Release|Any CPU
		{987A7B05-B977-4A71-8A64-F2E08A9DC51E}.Release|x64.Build.0 = Release|Any CPU
		{987A7B05-B977-4A71-8A64-F2E08A9DC51E}.Release|x86.ActiveCfg = Release|Any CPU
		{987A7B05-B977-4A71-8A64-F2E08A9DC51E}.Release|x86.Build.0 = Release|Any CPU
		{55718FD6-A644-433B-9F8F-AB49694471B7}.Debug|Any CPU.ActiveCfg = Debug|Any CPU
		{55718FD6-A644-433B-9F8F-AB49694471B7}.Debug|Any CPU.Build.0 = Debug|Any CPU
		{55718FD6-A644-433B-9F8F-AB49694471B7}.Debug|x64.ActiveCfg = Debug|Any CPU
		{55718FD6-A644-433B-9F8F-AB49694471B7}.Debug|x64.Build.0 = Debug|Any CPU
		{55718FD6-A644-433B-9F8F-AB49694471B7}.Debug|x86.ActiveCfg = Debug|Any CPU
		{55718FD6-A644-433B-9F8F-AB49694471B7}.Debug|x86.Build.0 = Debug|Any CPU
		{55718FD6-A644-433B-9F8F-AB49694471B7}.Release|Any CPU.ActiveCfg = Release|Any CPU
		{55718FD6-A644-433B-9F8F-AB49694471B7}.Release|Any CPU.Build.0 = Release|Any CPU
		{55718FD6-A644-433B-9F8F-AB49694471B7}.Release|x64.ActiveCfg = Release|Any CPU
		{55718FD6-A644-433B-9F8F-AB49694471B7}.Release|x64.Build.0 = Release|Any CPU
		{55718FD6-A644-433B-9F8F-AB49694471B7}.Release|x86.ActiveCfg = Release|Any CPU
		{55718FD6-A644-433B-9F8F-AB49694471B7}.Release|x86.Build.0 = Release|Any CPU
	EndGlobalSection
	GlobalSection(NestedProjects) = preSolution
		{76E05CC4-4C02-45B7-90FF-8EFFD4DB97DC} = {89E5F0AC-683B-4982-9591-C2D34BC841C3}
		{EBFE4856-0BA5-407D-BA7E-20F1E02D7286} = {89E5F0AC-683B-4982-9591-C2D34BC841C3}
		{987A7B05-B977-4A71-8A64-F2E08A9DC51E} = {297CAE5F-1860-49CA-A9D7-783164065D69}
		{55718FD6-A644-433B-9F8F-AB49694471B7} = {297CAE5F-1860-49CA-A9D7-783164065D69}
	EndGlobalSection
EndGlobal
